
Microsoft Visual Studio Solution File, Format Version 12.00
# Visual Studio 2012
Project("{FAE04EC0-301F-11D3-BF4B-00C04F79EFBC}") = "SurgeTracker", "SurgeTracker.csproj", "{66A1DAB6-4A75-46FA-8956-AF72BD1C8939}"
EndProject
Global
	GlobalSection(SolutionConfigurationPlatforms) = preSolution
		Debug|iPhoneSimulator = Debug|iPhoneSimulator
		Release|iPhone = Release|iPhone
		Release|iPhoneSimulator = Release|iPhoneSimulator
		Debug|iPhone = Debug|iPhone
	EndGlobalSection
	GlobalSection(ProjectConfigurationPlatforms) = postSolution
		{66A1DAB6-4A75-46FA-8956-AF72BD1C8939}.Debug|iPhoneSimulator.ActiveCfg = Debug|iPhoneSimulator
		{66A1DAB6-4A75-46FA-8956-AF72BD1C8939}.Debug|iPhoneSimulator.Build.0 = Debug|iPhoneSimulator
		{66A1DAB6-4A75-46FA-8956-AF72BD1C8939}.Release|iPhone.ActiveCfg = Release|iPhone
		{66A1DAB6-4A75-46FA-8956-AF72BD1C8939}.Release|iPhone.Build.0 = Release|iPhone
		{66A1DAB6-4A75-46FA-8956-AF72BD1C8939}.Release|iPhoneSimulator.ActiveCfg = Release|iPhoneSimulator
		{66A1DAB6-4A75-46FA-8956-AF72BD1C8939}.Release|iPhoneSimulator.Build.0 = Release|iPhoneSimulator
		{66A1DAB6-4A75-46FA-8956-AF72BD1C8939}.Debug|iPhone.ActiveCfg = Debug|iPhone
		{66A1DAB6-4A75-46FA-8956-AF72BD1C8939}.Debug|iPhone.Build.0 = Debug|iPhone
	EndGlobalSection
EndGlobal
